{
  "name": "custom.myfirstwebwidget.MyFirstWebWidget",
  "lockfileVersion": 3,
  "requires": true,
  "packages": {
    "": {
      "dependencies": {
        "@cas-smartdesign/web-api": "^5.9.0"
      }
    },
    "node_modules/@cas-smartdesign/web-api": {
      "version": "5.9.0",
      "resolved": "https://registry.npmjs.org/@cas-smartdesign/web-api/-/web-api-5.9.0.tgz",
      "integrity": "sha512-i7hXwRp6nkT5u+XxJPxI+5RhSmG76vCPL+5wsSomdMn1cwmKxQLYfTOofPEF/KW0Dy+dngYvBVaSrZdTlf+2tQ==",
      "license": "SEE LICENSE IN LICENSE"
    }
  }
}
